// !$*UTF8*$!
{
	archiveVersion = 1;
	classes = {
	};
	objectVersion = 46;
	objects = {

/* Begin PBXBuildFile section */
		63A8865C1E23E01700029884 /* AppDelegate.swift in Sources */ = {isa = PBXBuildFile; fileRef = 63A8865B1E23E01600029884 /* AppDelegate.swift */; };
		63A886611E23E01700029884 /* Main.storyboard in Resources */ = {isa = PBXBuildFile; fileRef = 63A8865F1E23E01700029884 /* Main.storyboard */; };
		63A886631E23E01700029884 /* Assets.xcassets in Resources */ = {isa = PBXBuildFile; fileRef = 63A886621E23E01700029884 /* Assets.xcassets */; };
		63A886661E23E01700029884 /* LaunchScreen.storyboard in Resources */ = {isa = PBXBuildFile; fileRef = 63A886641E23E01700029884 /* LaunchScreen.storyboard */; };
		63A8866F1E23E29C00029884 /* MainTableViewController.swift in Sources */ = {isa = PBXBuildFile; fileRef = 63A8866E1E23E29C00029884 /* MainTableViewController.swift */; };
		63A886721E23EBBC00029884 /* URLSession.swift in Sources */ = {isa = PBXBuildFile; fileRef = 63A886711E23EBBC00029884 /* URLSession.swift */; };
		63A886751E24471400029884 /* Item.swift in Sources */ = {isa = PBXBuildFile; fileRef = 63A886741E24471400029884 /* Item.swift */; };
/* End PBXBuildFile section */

/* Begin PBXFileReference section */
		63A886581E23E01600029884 /* NSUrlSessionApi.app */ = {isa = PBXFileReference; explicitFileType = wrapper.application; includeInIndex = 0; path = NSUrlSessionApi.app; sourceTree = BUILT_PRODUCTS_DIR; };
		63A8865B1E23E01600029884 /* AppDelegate.swift */ = {isa = PBXFileReference; lastKnownFileType = sourcecode.swift; path = AppDelegate.swift; sourceTree = "<group>"; };
		63A886601E23E01700029884 /* Base */ = {isa = PBXFileReference; lastKnownFileType = file.storyboard; name = Base; path = Base.lproj/Main.storyboard; sourceTree = "<group>"; };
		63A886621E23E01700029884 /* Assets.xcassets */ = {isa = PBXFileReference; lastKnownFileType = folder.assetcatalog; path = Assets.xcassets; sourceTree = "<group>"; };
		63A886651E23E01700029884 /* Base */ = {isa = PBXFileReference; lastKnownFileType = file.storyboard; name = Base; path = Base.lproj/LaunchScreen.storyboard; sourceTree = "<group>"; };
		63A886671E23E01700029884 /* Info.plist */ = {isa = PBXFileReference; lastKnownFileType = text.plist.xml; path = Info.plist; sourceTree = "<group>"; };
		63A8866E1E23E29C00029884 /* MainTableViewController.swift */ = {isa = PBXFileReference; fileEncoding = 4; lastKnownFileType = sourcecode.swift; path = MainTableViewController.swift; sourceTree = "<group>"; };
		63A886711E23EBBC00029884 /* URLSession.swift */ = {isa = PBXFileReference; fileEncoding = 4; lastKnownFileType = sourcecode.swift; path = URLSession.swift; sourceTree = "<group>"; };
		63A886741E24471400029884 /* Item.swift */ = {isa = PBXFileReference; fileEncoding = 4; lastKnownFileType = sourcecode.swift; path = Item.swift; sourceTree = "<group>"; };
/* End PBXFileReference section */

/* Begin PBXFrameworksBuildPhase section */
		63A886551E23E01600029884 /* Frameworks */ = {
			isa = PBXFrameworksBuildPhase;
			buildActionMask = 2147483647;
			files = (
			);
			runOnlyForDeploymentPostprocessing = 0;
		};
/* End PBXFrameworksBuildPhase section */

/* Begin PBXGroup section */
		63A8864F1E23E01600029884 = {
			isa = PBXGroup;
			children = (
				63A886731E2446F900029884 /* Models */,
				63A886701E23EB8100029884 /* API */,
				63A8866D1E23E27600029884 /* ViewControllers */,
				63A8865A1E23E01600029884 /* NSUrlSessionApi */,
				63A886591E23E01600029884 /* Products */,
			);
			sourceTree = "<group>";
		};
		63A886591E23E01600029884 /* Products */ = {
			isa = PBXGroup;
			children = (
				63A886581E23E01600029884 /* NSUrlSessionApi.app */,
			);
			name = Products;
			sourceTree = "<group>";
		};
		63A8865A1E23E01600029884 /* NSUrlSessionApi */ = {
			isa = PBXGroup;
			children = (
				63A8865B1E23E01600029884 /* AppDelegate.swift */,
				63A8865F1E23E01700029884 /* Main.storyboard */,
				63A886621E23E01700029884 /* Assets.xcassets */,
				63A886641E23E01700029884 /* LaunchScreen.storyboard */,
				63A886671E23E01700029884 /* Info.plist */,
			);
			path = NSUrlSessionApi;
			sourceTree = "<group>";
		};
		63A8866D1E23E27600029884 /* ViewControllers */ = {
			isa = PBXGroup;
			children = (
				63A8866E1E23E29C00029884 /* MainTableViewController.swift */,
			);
			name = ViewControllers;
			sourceTree = "<group>";
		};
		63A886701E23EB8100029884 /* API */ = {
			isa = PBXGroup;
			children = (
				63A886711E23EBBC00029884 /* URLSession.swift */,
			);
			name = API;
			sourceTree = "<group>";
		};
		63A886731E2446F900029884 /* Models */ = {
			isa = PBXGroup;
			children = (
				63A886741E24471400029884 /* Item.swift */,
			);
			name = Models;
			sourceTree = "<group>";
		};
/* End PBXGroup section */

/* Begin PBXNativeTarget section */
		63A886571E23E01600029884 /* NSUrlSessionApi */ = {
			isa = PBXNativeTarget;
			buildConfigurationList = 63A8866A1E23E01700029884 /* Build configuration list for PBXNativeTarget "NSUrlSessionApi" */;
			buildPhases = (
				63A886541E23E01600029884 /* Sources */,
				63A886551E23E01600029884 /* Frameworks */,
				63A886561E23E01600029884 /* Resources */,
			);
			buildRules = (
			);
			dependencies = (
			);
			name = NSUrlSessionApi;
			productName = NSUrlSessionApi;
			productReference = 63A886581E23E01600029884 /* NSUrlSessionApi.app */;
			productType = "com.apple.product-type.application";
		};
/* End PBXNativeTarget section */

/* Begin PBXProject section */
		63A886501E23E01600029884 /* Project object */ = {
			isa = PBXProject;
			attributes = {
				LastSwiftUpdateCheck = 0820;
				LastUpgradeCheck = 0820;
				ORGANIZATIONNAME = "Shelly Scott-Nash";
				TargetAttributes = {
					63A886571E23E01600029884 = {
						CreatedOnToolsVersion = 8.2.1;
						DevelopmentTeam = Q7X454832Q;
						ProvisioningStyle = Automatic;
					};
				};
			};
			buildConfigurationList = 63A886531E23E01600029884 /* Build configuration list for PBXProject "NSUrlSessionApi" */;
			compatibilityVersion = "Xcode 3.2";
			developmentRegion = English;
			hasScannedForEncodings = 0;
			knownRegions = (
				en,
				Base,
			);
			mainGroup = 63A8864F1E23E01600029884;
			productRefGroup = 63A886591E23E01600029884 /* Products */;
			projectDirPath = "";
			projectRoot = "";
			targets = (
				63A886571E23E01600029884 /* NSUrlSessionApi */,
			);
		};
/* End PBXProject section */

/* Begin PBXResourcesBuildPhase section */
		63A886561E23E01600029884 /* Resources */ = {
			isa = PBXResourcesBuildPhase;
			buildActionMask = 2147483647;
			files = (
				63A886661E23E01700029884 /* LaunchScreen.storyboard in Resources */,
				63A886631E23E01700029884 /* Assets.xcassets in Resources */,
				63A886611E23E01700029884 /* Main.storyboard in Resources */,
			);
			runOnlyForDeploymentPostprocessing = 0;
		};
/* End PBXResourcesBuildPhase section */

/* Begin PBXSourcesBuildPhase section */
		63A886541E23E01600029884 /* Sources */ = {
			isa = PBXSourcesBuildPhase;
			buildActionMask = 2147483647;
			files = (
				63A886751E24471400029884 /* Item.swift in Sources */,
				63A8866F1E23E29C00029884 /* MainTableViewController.swift in Sources */,
				63A8865C1E23E01700029884 /* AppDelegate.swift in Sources */,
				63A886721E23EBBC00029884 /* URLSession.swift in Sources */,
			);
			runOnlyForDeploymentPostprocessing = 0;
		};
/* End PBXSourcesBuildPhase section */

/* Begin PBXVariantGroup section */
		63A8865F1E23E01700029884 /* Main.storyboard */ = {
			isa = PBXVariantGroup;
			children = (
				63A886601E23E01700029884 /* Base */,
			);
			name = Main.storyboard;
			sourceTree = "<group>";
		};
		63A886641E23E01700029884 /* LaunchScreen.storyboard */ = {
			isa = PBXVariantGroup;
			children = (
				63A886651E23E01700029884 /* Base */,
			);
			name = LaunchScreen.storyboard;
			sourceTree = "<group>";
		};
/* End PBXVariantGroup section */

/* Begin XCBuildConfiguration section */
		63A886681E23E01700029884 /* Debug */ = {
			isa = XCBuildConfiguration;
			buildSettings = {
				ALWAYS_SEARCH_USER_PATHS = NO;
				CLANG_ANALYZER_NONNULL = YES;
				CLANG_CXX_LANGUAGE_STANDARD = "gnu++0x";
				CLANG_CXX_LIBRARY = "libc++";
				CLANG_ENABLE_MODULES = YES;
				CLANG_ENABLE_OBJC_ARC = YES;
				CLANG_WARN_BOOL_CONVERSION = YES;
				CLANG_WARN_CONSTANT_CONVERSION = YES;
				CLANG_WARN_DIRECT_OBJC_ISA_USAGE = YES_ERROR;
				CLANG_WARN_DOCUMENTATION_COMMENTS = YES;
				CLANG_WARN_EMPTY_BODY = YES;
				CLANG_WARN_ENUM_CONVERSION = YES;
				CLANG_WARN_INFINITE_RECURSION = YES;
				CLANG_WARN_INT_CONVERSION = YES;
				CLANG_WARN_OBJC_ROOT_CLASS = YES_ERROR;
				CLANG_WARN_SUSPICIOUS_MOVE = YES;
				CLANG_WARN_UNREACHABLE_CODE = YES;
				CLANG_WARN__DUPLICATE_METHOD_MATCH = YES;
				"CODE_SIGN_IDENTITY[sdk=iphoneos*]" = "iPhone Developer";
				COPY_PHASE_STRIP = NO;
				DEBUG_INFORMATION_FORMAT = dwarf;
				ENABLE_STRICT_OBJC_MSGSEND = YES;
				ENABLE_TESTABILITY = YES;
				GCC_C_LANGUAGE_STANDARD = gnu99;
				GCC_DYNAMIC_NO_PIC = NO;
				GCC_NO_COMMON_BLOCKS = YES;
				GCC_OPTIMIZATION_LEVEL = 0;
				GCC_PREPROCESSOR_DEFINITIONS = (
					"DEBUG=1",
					"$(inherited)",
				);
				GCC_WARN_64_TO_32_BIT_CONVERSION = YES;
				GCC_WARN_ABOUT_RETURN_TYPE = YES_ERROR;
				GCC_WARN_UNDECLARED_SELECTOR = YES;
				GCC_WARN_UNINITIALIZED_AUTOS = YES_AGGRESSIVE;
				GCC_WARN_UNUSED_FUNCTION = YES;
				GCC_WARN_UNUSED_VARIABLE = YES;
				IPHONEOS_DEPLOYMENT_TARGET = 10.2;
				MTL_ENABLE_DEBUG_INFO = YES;
				ONLY_ACTIVE_ARCH = YES;
				SDKROOT = iphoneos;
				SWIFT_ACTIVE_COMPILATION_CONDITIONS = DEBUG;
				SWIFT_OPTIMIZATION_LEVEL = "-Onone";
			};
			name = Debug;
		};
		63A886691E23E01700029884 /* Release */ = {
			isa = XCBuildConfiguration;
			buildSettings = {
				ALWAYS_SEARCH_USER_PATHS = NO;
				CLANG_ANALYZER_NONNULL = YES;
				CLANG_CXX_LANGUAGE_STANDARD = "gnu++0x";
				CLANG_CXX_LIBRARY = "libc++";
				CLANG_ENABLE_MODULES = YES;
				CLANG_ENABLE_OBJC_ARC = YES;
				CLANG_WARN_BOOL_CONVERSION = YES;
				CLANG_WARN_CONSTANT_CONVERSION = YES;
				CLANG_WARN_DIRECT_OBJC_ISA_USAGE = YES_ERROR;
				CLANG_WARN_DOCUMENTATION_COMMENTS = YES;
				CLANG_WARN_EMPTY_BODY = YES;
				CLANG_WARN_ENUM_CONVERSION = YES;
				CLANG_WARN_INFINITE_RECURSION = YES;
				CLANG_WARN_INT_CONVERSION = YES;
				CLANG_WARN_OBJC_ROOT_CLASS = YES_ERROR;
				CLANG_WARN_SUSPICIOUS_MOVE = YES;
				CLANG_WARN_UNREACHABLE_CODE = YES;
				CLANG_WARN__DUPLICATE_METHOD_MATCH = YES;
				"CODE_SIGN_IDENTITY[sdk=iphoneos*]" = "iPhone Developer";
				COPY_PHASE_STRIP = NO;
				DEBUG_INFORMATION_FORMAT = "dwarf-with-dsym";
				ENABLE_NS_ASSERTIONS = NO;
				ENABLE_STRICT_OBJC_MSGSEND = YES;
				GCC_C_LANGUAGE_STANDARD = gnu99;
				GCC_NO_COMMON_BLOCKS = YES;
				GCC_WARN_64_TO_32_BIT_CONVERSION = YES;
				GCC_WARN_ABOUT_RETURN_TYPE = YES_ERROR;
				GCC_WARN_UNDECLARED_SELECTOR = YES;
				GCC_WARN_UNINITIALIZED_AUTOS = YES_AGGRESSIVE;
				GCC_WARN_UNUSED_FUNCTION = YES;
				GCC_WARN_UNUSED_VARIABLE = YES;
				IPHONEOS_DEPLOYMENT_TARGET = 10.2;
				MTL_ENABLE_DEBUG_INFO = NO;
				SDKROOT = iphoneos;
				SWIFT_OPTIMIZATION_LEVEL = "-Owholemodule";
				VALIDATE_PRODUCT = YES;
			};
			name = Release;
		};
		63A8866B1E23E01700029884 /* Debug */ = {
			isa = XCBuildConfiguration;
			buildSettings = {
				ASSETCATALOG_COMPILER_APPICON_NAME = AppIcon;
				DEVELOPMENT_TEAM = Q7X454832Q;
				INFOPLIST_FILE = NSUrlSessionApi/Info.plist;
				LD_RUNPATH_SEARCH_PATHS = "$(inherited) @executable_path/Frameworks";
				PRODUCT_BUNDLE_IDENTIFIER = com.scottnash.NSUrlSessionApi;
				PRODUCT_NAME = "$(TARGET_NAME)";
				SWIFT_VERSION = 3.0;
			};
			name = Debug;
		};
		63A8866C1E23E01700029884 /* Release */ = {
			isa = XCBuildConfiguration;
			buildSettings = {
				ASSETCATALOG_COMPILER_APPICON_NAME = AppIcon;
				DEVELOPMENT_TEAM = Q7X454832Q;
				INFOPLIST_FILE = NSUrlSessionApi/Info.plist;
				LD_RUNPATH_SEARCH_PATHS = "$(inherited) @executable_path/Frameworks";
				PRODUCT_BUNDLE_IDENTIFIER = com.scottnash.NSUrlSessionApi;
				PRODUCT_NAME = "$(TARGET_NAME)";
				SWIFT_VERSION = 3.0;
			};
			name = Release;
		};
/* End XCBuildConfiguration section */

/* Begin XCConfigurationList section */
		63A886531E23E01600029884 /* Build configuration list for PBXProject "NSUrlSessionApi" */ = {
			isa = XCConfigurationList;
			buildConfigurations = (
				63A886681E23E01700029884 /* Debug */,
				63A886691E23E01700029884 /* Release */,
			);
			defaultConfigurationIsVisible = 0;
			defaultConfigurationName = Release;
		};
		63A8866A1E23E01700029884 /* Build configuration list for PBXNativeTarget "NSUrlSessionApi" */ = {
			isa = XCConfigurationList;
			buildConfigurations = (
				63A8866B1E23E01700029884 /* Debug */,
				63A8866C1E23E01700029884 /* Release */,
			);
			defaultConfigurationIsVisible = 0;
		};
/* End XCConfigurationList section */
	};
	rootObject = 63A886501E23E01600029884 /* Project object */;
}
